
Microsoft Visual Studio Solution File, Format Version 12.00
# Visual Studio Version 16
VisualStudioVersion = 16.0.30114.105
MinimumVisualStudioVersion = 10.0.40219.1
Project("{FAE04EC0-301F-11D3-BF4B-00C04F79EFBC}") = "API", "API\API.csproj", "{2C3BC34D-B3D9-4040-947D-A663270662B8}"
EndProject
Project("{FAE04EC0-301F-11D3-BF4B-00C04F79EFBC}") = "Application", "Application\Application.csproj", "{C634CDE2-AA69-4E84-BF2F-AB27480BD17E}"
EndProject
Project("{FAE04EC0-301F-11D3-BF4B-00C04F79EFBC}") = "Persistence", "Persistence\Persistence.csproj", "{9ED2FEC0-A462-4882-A9E1-085F7B0F1F82}"
EndProject
Project("{FAE04EC0-301F-11D3-BF4B-00C04F79EFBC}") = "Domain", "Domain\Domain.csproj", "{D7C2311A-87B0-4CE2-B8A6-AB3D7045E5BC}"
EndProject
Global
	GlobalSection(SolutionConfigurationPlatforms) = preSolution
		Debug|Any CPU = Debug|Any CPU
		Debug|x64 = Debug|x64
		Debug|x86 = Debug|x86
		Release|Any CPU = Release|Any CPU
		Release|x64 = Release|x64
		Release|x86 = Release|x86
	EndGlobalSection
	GlobalSection(SolutionProperties) = preSolution
		HideSolutionNode = FALSE
	EndGlobalSection
	GlobalSection(ProjectConfigurationPlatforms) = postSolution
		{2C3BC34D-B3D9-4040-947D-A663270662B8}.Debug|Any CPU.ActiveCfg = Debug|Any CPU
		{2C3BC34D-B3D9-4040-947D-A663270662B8}.Debug|Any CPU.Build.0 = Debug|Any CPU
		{2C3BC34D-B3D9-4040-947D-A663270662B8}.Debug|x64.ActiveCfg = Debug|Any CPU
		{2C3BC34D-B3D9-4040-947D-A663270662B8}.Debug|x64.Build.0 = Debug|Any CPU
		{2C3BC34D-B3D9-4040-947D-A663270662B8}.Debug|x86.ActiveCfg = Debug|Any CPU
		{2C3BC34D-B3D9-4040-947D-A663270662B8}.Debug|x86.Build.0 = Debug|Any CPU
		{2C3BC34D-B3D9-4040-947D-A663270662B8}.Release|Any CPU.ActiveCfg = Release|Any CPU
		{2C3BC34D-B3D9-4040-947D-A663270662B8}.Release|Any CPU.Build.0 = Release|Any CPU
		{2C3BC34D-B3D9-4040-947D-A663270662B8}.Release|x64.ActiveCfg = Release|Any CPU
		{2C3BC34D-B3D9-4040-947D-A663270662B8}.Release|x64.Build.0 = Release|Any CPU
		{2C3BC34D-B3D9-4040-947D-A663270662B8}.Release|x86.ActiveCfg = Release|Any CPU
		{2C3BC34D-B3D9-4040-947D-A663270662B8}.Release|x86.Build.0 = Release|Any CPU
		{C634CDE2-AA69-4E84-BF2F-AB27480BD17E}.Debug|Any CPU.ActiveCfg = Debug|Any CPU
		{C634CDE2-AA69-4E84-BF2F-AB27480BD17E}.Debug|Any CPU.Build.0 = Debug|Any CPU
		{C634CDE2-AA69-4E84-BF2F-AB27480BD17E}.Debug|x64.ActiveCfg = Debug|Any CPU
		{C634CDE2-AA69-4E84-BF2F-AB27480BD17E}.Debug|x64.Build.0 = Debug|Any CPU
		{C634CDE2-AA69-4E84-BF2F-AB27480BD17E}.Debug|x86.ActiveCfg = Debug|Any CPU
		{C634CDE2-AA69-4E84-BF2F-AB27480BD17E}.Debug|x86.Build.0 = Debug|Any CPU
		{C634CDE2-AA69-4E84-BF2F-AB27480BD17E}.Release|Any CPU.ActiveCfg = Release|Any CPU
		{C634CDE2-AA69-4E84-BF2F-AB27480BD17E}.Release|Any CPU.Build.0 = Release|Any CPU
		{C634CDE2-AA69-4E84-BF2F-AB27480BD17E}.Release|x64.ActiveCfg = Release|Any CPU
		{C634CDE2-AA69-4E84-BF2F-AB27480BD17E}.Release|x64.Build.0 = Release|Any CPU
		{C634CDE2-AA69-4E84-BF2F-AB27480BD17E}.Release|x86.ActiveCfg = Release|Any CPU
		{C634CDE2-AA69-4E84-BF2F-AB27480BD17E}.Release|x86.Build.0 = Release|Any CPU
		{9ED2FEC0-A462-4882-A9E1-085F7B0F1F82}.Debug|Any CPU.ActiveCfg = Debug|Any CPU
		{9ED2FEC0-A462-4882-A9E1-085F7B0F1F82}.Debug|Any CPU.Build.0 = Debug|Any CPU
		{9ED2FEC0-A462-4882-A9E1-085F7B0F1F82}.Debug|x64.ActiveCfg = Debug|Any CPU
		{9ED2FEC0-A462-4882-A9E1-085F7B0F1F82}.Debug|x64.Build.0 = Debug|Any CPU
		{9ED2FEC0-A462-4882-A9E1-085F7B0F1F82}.Debug|x86.ActiveCfg = Debug|Any CPU
		{9ED2FEC0-A462-4882-A9E1-085F7B0F1F82}.Debug|x86.Build.0 = Debug|Any CPU
		{9ED2FEC0-A462-4882-A9E1-085F7B0F1F82}.Release|Any CPU.ActiveCfg = Release|Any CPU
		{9ED2FEC0-A462-4882-A9E1-085F7B0F1F82}.Release|Any CPU.Build.0 = Release|Any CPU
		{9ED2FEC0-A462-4882-A9E1-085F7B0F1F82}.Release|x64.ActiveCfg = Release|Any CPU
		{9ED2FEC0-A462-4882-A9E1-085F7B0F1F82}.Release|x64.Build.0 = Release|Any CPU
		{9ED2FEC0-A462-4882-A9E1-085F7B0F1F82}.Release|x86.ActiveCfg = Release|Any CPU
		{9ED2FEC0-A462-4882-A9E1-085F7B0F1F82}.Release|x86.Build.0 = Release|Any CPU
		{D7C2311A-87B0-4CE2-B8A6-AB3D7045E5BC}.Debug|Any CPU.ActiveCfg = Debug|Any CPU
		{D7C2311A-87B0-4CE2-B8A6-AB3D7045E5BC}.Debug|Any CPU.Build.0 = Debug|Any CPU
		{D7C2311A-87B0-4CE2-B8A6-AB3D7045E5BC}.Debug|x64.ActiveCfg = Debug|Any CPU
		{D7C2311A-87B0-4CE2-B8A6-AB3D7045E5BC}.Debug|x64.Build.0 = Debug|Any CPU
		{D7C2311A-87B0-4CE2-B8A6-AB3D7045E5BC}.Debug|x86.ActiveCfg = Debug|Any CPU
		{D7C2311A-87B0-4CE2-B8A6-AB3D7045E5BC}.Debug|x86.Build.0 = Debug|Any CPU
		{D7C2311A-87B0-4CE2-B8A6-AB3D7045E5BC}.Release|Any CPU.ActiveCfg = Release|Any CPU
		{D7C2311A-87B0-4CE2-B8A6-AB3D7045E5BC}.Release|Any CPU.Build.0 = Release|Any CPU
		{D7C2311A-87B0-4CE2-B8A6-AB3D7045E5BC}.Release|x64.ActiveCfg = Release|Any CPU
		{D7C2311A-87B0-4CE2-B8A6-AB3D7045E5BC}.Release|x64.Build.0 = Release|Any CPU
		{D7C2311A-87B0-4CE2-B8A6-AB3D7045E5BC}.Release|x86.ActiveCfg = Release|Any CPU
		{D7C2311A-87B0-4CE2-B8A6-AB3D7045E5BC}.Release|x86.Build.0 = Release|Any CPU
	EndGlobalSection
EndGlobal
